
Microsoft Visual Studio Solution File, Format Version 12.00
# Visual Studio 15
VisualStudioVersion = 15.0.28307.421
MinimumVisualStudioVersion = 10.0.40219.1
Project("{FAE04EC0-301F-11D3-BF4B-00C04F79EFBC}") = "GlobalWeather", "GlobalWeather\GlobalWeather.csproj", "{B6176BF5-D2AA-4FCF-97A9-BA688083C235}"
EndProject
Global
	GlobalSection(SolutionConfigurationPlatforms) = preSolution
		Debug|Any CPU = Debug|Any CPU
		Release|Any CPU = Release|Any CPU
	EndGlobalSection
	GlobalSection(ProjectConfigurationPlatforms) = postSolution
		{B6176BF5-D2AA-4FCF-97A9-BA688083C235}.Debug|Any CPU.ActiveCfg = Debug|Any CPU
		{B6176BF5-D2AA-4FCF-97A9-BA688083C235}.Debug|Any CPU.Build.0 = Debug|Any CPU
		{B6176BF5-D2AA-4FCF-97A9-BA688083C235}.Release|Any CPU.ActiveCfg = Release|Any CPU
		{B6176BF5-D2AA-4FCF-97A9-BA688083C235}.Release|Any CPU.Build.0 = Release|Any CPU
	EndGlobalSection
	GlobalSection(SolutionProperties) = preSolution
		HideSolutionNode = FALSE
	EndGlobalSection
	GlobalSection(ExtensibilityGlobals) = postSolution
		SolutionGuid = {7DD549E3-B9DD-40E9-912C-C47DA04093E9}
	EndGlobalSection
EndGlobal
